{
  "requires": true,
  "lockfileVersion": 1,
  "dependencies": {
    "@tim-smart/torch": {
      "version": "1.0.1",
      "resolved": "https://registry.npmjs.org/@tim-smart/torch/-/torch-1.0.1.tgz",
      "integrity": "sha512-aAwQEM44yMNY3CAsbYS2QJiH3VPvxIpKDtS63dEX6NWZZieWLh7CBQ/mzFamGwvt9Iayxiz279ra5krTIRvrnQ=="
    }
  }
}
